# This file is generated by gogradle automatically, you should NEVER modify it manually.
---
apiVersion: "0.5.2"
dependencies:
  build:
  - vcs: "git"
    name: "golang.org/x/crypto"
    commit: "7e9105388ebff089b3f99f0ef676ea55a6da3a7e"
    url: "https://go.googlesource.com/crypto"
    transitive: false
  - vcs: "git"
    name: "github.com/mattn/go-sqlite3"
    commit: "cf7286f069c3ef596efcc87781a4653a2e7607bd"
    url: "https://github.com/mattn/go-sqlite3.git"
    transitive: false
  - vcs: "git"
    name: "github.com/go-sql-driver/mysql"
    commit: "382e13d099fcf5f5994290892ab258fbebbdc5e3"
    url: "https://github.com/go-sql-driver/mysql.git"
    transitive: false
  - vcs: "git"
    name: "golang.org/x/tools"
    commit: "bf4b54dc687c73b6ef63de8b8abf0ad3951e3edc"
    url: "https://go.googlesource.com/tools"
    transitive: false
  - vcs: "git"
    name: "golang.org/x/net"
    commit: "a8e8f92cd65f5ff48599999fa4001d9b95ecea85"
    url: "https://go.googlesource.com/net"
    transitive: false
  - vcs: "git"
    name: "github.com/lib/pq"
    commit: "2704adc878c21e1329f46f6e56a1c387d788ff94"
    url: "https://github.com/lib/pq.git"
    transitive: false
  - vcs: "git"
    name: "github.com/denisenkom/go-mssqldb"
    commit: "e3bd523cf238e14637d0e028becc25651098a138"
    url: "https://github.com/denisenkom/go-mssqldb.git"
    transitive: false
  - vcs: "git"
    name: "github.com/jinzhu/gorm"
    commit: "9acaa33324bbcc78239a1c913d4f1292c12177b9"
    url: "https://github.com/jinzhu/gorm.git"
    transitive: false
  - vcs: "git"
    name: "github.com/jinzhu/inflection"
    commit: "1c35d901db3da928c72a72d8458480cc9ade058f"
    url: "https://github.com/jinzhu/inflection.git"
    transitive: false
  - vcs: "git"
    name: "golang.org/x/text"
    commit: "19e51611da83d6be54ddafce4a4af510cb3e9ea4"
    url: "https://go.googlesource.com/text"
    transitive: false
  test: []
